
Microsoft Visual Studio Solution File, Format Version 12.00
# Visual Studio 2013
VisualStudioVersion = 12.0.21005.1
MinimumVisualStudioVersion = 10.0.40219.1
Project("{FAE04EC0-301F-11D3-BF4B-00C04F79EFBC}") = "HelloContracts", "HelloContracts\HelloContracts.csproj", "{140E14C5-FEFB-47D6-BD48-9574B1018145}"
EndProject
Project("{FAE04EC0-301F-11D3-BF4B-00C04F79EFBC}") = "HelloBusiness", "HelloBusiness\HelloBusiness.csproj", "{0C66AD95-3DCA-4532-81A5-C1254D4BDBD1}"
EndProject
Project("{FAE04EC0-301F-11D3-BF4B-00C04F79EFBC}") = "HelloAPI", "HelloAPI\HelloAPI.csproj", "{C5CF7BA0-EA37-4822-8EB1-B5537DE20176}"
EndProject
Project("{FAE04EC0-301F-11D3-BF4B-00C04F79EFBC}") = "HelloAPI.Tests", "HelloAPI.Tests\HelloAPI.Tests.csproj", "{056B9736-8BBF-4185-A67C-B87B30D53B3C}"
EndProject
Global
	GlobalSection(SolutionConfigurationPlatforms) = preSolution
		Debug|Any CPU = Debug|Any CPU
		Release|Any CPU = Release|Any CPU
	EndGlobalSection
	GlobalSection(ProjectConfigurationPlatforms) = postSolution
		{140E14C5-FEFB-47D6-BD48-9574B1018145}.Debug|Any CPU.ActiveCfg = Debug|Any CPU
		{140E14C5-FEFB-47D6-BD48-9574B1018145}.Debug|Any CPU.Build.0 = Debug|Any CPU
		{140E14C5-FEFB-47D6-BD48-9574B1018145}.Release|Any CPU.ActiveCfg = Release|Any CPU
		{140E14C5-FEFB-47D6-BD48-9574B1018145}.Release|Any CPU.Build.0 = Release|Any CPU
		{0C66AD95-3DCA-4532-81A5-C1254D4BDBD1}.Debug|Any CPU.ActiveCfg = Debug|Any CPU
		{0C66AD95-3DCA-4532-81A5-C1254D4BDBD1}.Debug|Any CPU.Build.0 = Debug|Any CPU
		{0C66AD95-3DCA-4532-81A5-C1254D4BDBD1}.Release|Any CPU.ActiveCfg = Release|Any CPU
		{0C66AD95-3DCA-4532-81A5-C1254D4BDBD1}.Release|Any CPU.Build.0 = Release|Any CPU
		{C5CF7BA0-EA37-4822-8EB1-B5537DE20176}.Debug|Any CPU.ActiveCfg = Debug|Any CPU
		{C5CF7BA0-EA37-4822-8EB1-B5537DE20176}.Debug|Any CPU.Build.0 = Debug|Any CPU
		{C5CF7BA0-EA37-4822-8EB1-B5537DE20176}.Release|Any CPU.ActiveCfg = Release|Any CPU
		{C5CF7BA0-EA37-4822-8EB1-B5537DE20176}.Release|Any CPU.Build.0 = Release|Any CPU
		{056B9736-8BBF-4185-A67C-B87B30D53B3C}.Debug|Any CPU.ActiveCfg = Debug|Any CPU
		{056B9736-8BBF-4185-A67C-B87B30D53B3C}.Debug|Any CPU.Build.0 = Debug|Any CPU
		{056B9736-8BBF-4185-A67C-B87B30D53B3C}.Release|Any CPU.ActiveCfg = Release|Any CPU
		{056B9736-8BBF-4185-A67C-B87B30D53B3C}.Release|Any CPU.Build.0 = Release|Any CPU
	EndGlobalSection
	GlobalSection(SolutionProperties) = preSolution
		HideSolutionNode = FALSE
	EndGlobalSection
EndGlobal
